// !$*UTF8*$!
{
	archiveVersion = 1;
	classes = {
	};
	objectVersion = 50;
	objects = {

/* Begin PBXBuildFile section */
		2BBAEA5926AB80C900AC843E /* TimeTrackerApp.swift in Sources */ = {isa = PBXBuildFile; fileRef = 2BBAEA5826AB80C900AC843E /* TimeTrackerApp.swift */; };
		2BBAEA5B26AB80C900AC843E /* ContentView.swift in Sources */ = {isa = PBXBuildFile; fileRef = 2BBAEA5A26AB80C900AC843E /* ContentView.swift */; };
		2BBAEA5D26AB80CB00AC843E /* Assets.xcassets in Resources */ = {isa = PBXBuildFile; fileRef = 2BBAEA5C26AB80CB00AC843E /* Assets.xcassets */; };
		2BBAEA6026AB80CB00AC843E /* Preview Assets.xcassets in Resources */ = {isa = PBXBuildFile; fileRef = 2BBAEA5F26AB80CB00AC843E /* Preview Assets.xcassets */; };
		2BBAEA6A26AB810200AC843E /* Task.swift in Sources */ = {isa = PBXBuildFile; fileRef = 2BBAEA6926AB810200AC843E /* Task.swift */; };
		2BBAEAA926AB9A4300AC843E /* TaskModel.swift in Sources */ = {isa = PBXBuildFile; fileRef = 2BBAEAA826AB9A4300AC843E /* TaskModel.swift */; };
		2BBAEAAD26AB9A7500AC843E /* TaskTimerView.swift in Sources */ = {isa = PBXBuildFile; fileRef = 2BBAEAAC26AB9A7500AC843E /* TaskTimerView.swift */; };
		2BBAEB6426AC4EA500AC843E /* ModeSwitchView.swift in Sources */ = {isa = PBXBuildFile; fileRef = 2BBAEB6326AC4EA500AC843E /* ModeSwitchView.swift */; };
		2BBAEB7826AD85D100AC843E /* SessionModel.swift in Sources */ = {isa = PBXBuildFile; fileRef = 2BBAEB7726AD85D100AC843E /* SessionModel.swift */; };
		2BBAEB7B26AD862E00AC843E /* Session.swift in Sources */ = {isa = PBXBuildFile; fileRef = 2BBAEB7A26AD862E00AC843E /* Session.swift */; };
		2BBAEBB826AE2A2400AC843E /* Buttons.swift in Sources */ = {isa = PBXBuildFile; fileRef = 2BBAEBB726AE2A2400AC843E /* Buttons.swift */; };
		2BBAEBBB26AE2AF100AC843E /* ButtonsModel.swift in Sources */ = {isa = PBXBuildFile; fileRef = 2BBAEBBA26AE2AF100AC843E /* ButtonsModel.swift */; };
/* End PBXBuildFile section */

/* Begin PBXFileReference section */
		2BBAEA5526AB80C900AC843E /* TimeTracker.app */ = {isa = PBXFileReference; explicitFileType = wrapper.application; includeInIndex = 0; path = TimeTracker.app; sourceTree = BUILT_PRODUCTS_DIR; };
		2BBAEA5826AB80C900AC843E /* TimeTrackerApp.swift */ = {isa = PBXFileReference; lastKnownFileType = sourcecode.swift; path = TimeTrackerApp.swift; sourceTree = "<group>"; };
		2BBAEA5A26AB80C900AC843E /* ContentView.swift */ = {isa = PBXFileReference; lastKnownFileType = sourcecode.swift; path = ContentView.swift; sourceTree = "<group>"; };
		2BBAEA5C26AB80CB00AC843E /* Assets.xcassets */ = {isa = PBXFileReference; lastKnownFileType = folder.assetcatalog; path = Assets.xcassets; sourceTree = "<group>"; };
		2BBAEA5F26AB80CB00AC843E /* Preview Assets.xcassets */ = {isa = PBXFileReference; lastKnownFileType = folder.assetcatalog; path = "Preview Assets.xcassets"; sourceTree = "<group>"; };
		2BBAEA6126AB80CB00AC843E /* Info.plist */ = {isa = PBXFileReference; lastKnownFileType = text.plist.xml; path = Info.plist; sourceTree = "<group>"; };
		2BBAEA6926AB810200AC843E /* Task.swift */ = {isa = PBXFileReference; lastKnownFileType = sourcecode.swift; path = Task.swift; sourceTree = "<group>"; };
		2BBAEAA826AB9A4300AC843E /* TaskModel.swift */ = {isa = PBXFileReference; lastKnownFileType = sourcecode.swift; path = TaskModel.swift; sourceTree = "<group>"; };
		2BBAEAAC26AB9A7500AC843E /* TaskTimerView.swift */ = {isa = PBXFileReference; lastKnownFileType = sourcecode.swift; path = TaskTimerView.swift; sourceTree = "<group>"; };
		2BBAEB6326AC4EA500AC843E /* ModeSwitchView.swift */ = {isa = PBXFileReference; lastKnownFileType = sourcecode.swift; path = ModeSwitchView.swift; sourceTree = "<group>"; };
		2BBAEB7726AD85D100AC843E /* SessionModel.swift */ = {isa = PBXFileReference; lastKnownFileType = sourcecode.swift; path = SessionModel.swift; sourceTree = "<group>"; };
		2BBAEB7A26AD862E00AC843E /* Session.swift */ = {isa = PBXFileReference; lastKnownFileType = sourcecode.swift; path = Session.swift; sourceTree = "<group>"; };
		2BBAEBB726AE2A2400AC843E /* Buttons.swift */ = {isa = PBXFileReference; lastKnownFileType = sourcecode.swift; path = Buttons.swift; sourceTree = "<group>"; };
		2BBAEBBA26AE2AF100AC843E /* ButtonsModel.swift */ = {isa = PBXFileReference; lastKnownFileType = sourcecode.swift; path = ButtonsModel.swift; sourceTree = "<group>"; };
/* End PBXFileReference section */

/* Begin PBXFrameworksBuildPhase section */
		2BBAEA5226AB80C900AC843E /* Frameworks */ = {
			isa = PBXFrameworksBuildPhase;
			buildActionMask = 2147483647;
			files = (
			);
			runOnlyForDeploymentPostprocessing = 0;
		};
/* End PBXFrameworksBuildPhase section */

/* Begin PBXGroup section */
		2BBAEA4C26AB80C900AC843E = {
			isa = PBXGroup;
			children = (
				2BBAEA5726AB80C900AC843E /* TimeTracker */,
				2BBAEA5626AB80C900AC843E /* Products */,
			);
			sourceTree = "<group>";
		};
		2BBAEA5626AB80C900AC843E /* Products */ = {
			isa = PBXGroup;
			children = (
				2BBAEA5526AB80C900AC843E /* TimeTracker.app */,
			);
			name = Products;
			sourceTree = "<group>";
		};
		2BBAEA5726AB80C900AC843E /* TimeTracker */ = {
			isa = PBXGroup;
			children = (
				2BBAEA5826AB80C900AC843E /* TimeTrackerApp.swift */,
				2BBAEAA626AB99F600AC843E /* Views */,
				2BBAEAA726AB9A0900AC843E /* ViewModels */,
				2BBAEA6826AB80EE00AC843E /* Models */,
				2BBAEA5C26AB80CB00AC843E /* Assets.xcassets */,
				2BBAEA6126AB80CB00AC843E /* Info.plist */,
				2BBAEA5E26AB80CB00AC843E /* Preview Content */,
			);
			path = TimeTracker;
			sourceTree = "<group>";
		};
		2BBAEA5E26AB80CB00AC843E /* Preview Content */ = {
			isa = PBXGroup;
			children = (
				2BBAEA5F26AB80CB00AC843E /* Preview Assets.xcassets */,
			);
			path = "Preview Content";
			sourceTree = "<group>";
		};
		2BBAEA6826AB80EE00AC843E /* Models */ = {
			isa = PBXGroup;
			children = (
				2BBAEA6926AB810200AC843E /* Task.swift */,
				2BBAEB7A26AD862E00AC843E /* Session.swift */,
				2BBAEBB726AE2A2400AC843E /* Buttons.swift */,
			);
			path = Models;
			sourceTree = "<group>";
		};
		2BBAEAA626AB99F600AC843E /* Views */ = {
			isa = PBXGroup;
			children = (
				2BBAEA5A26AB80C900AC843E /* ContentView.swift */,
				2BBAEAAC26AB9A7500AC843E /* TaskTimerView.swift */,
			);
			path = Views;
			sourceTree = "<group>";
		};
		2BBAEAA726AB9A0900AC843E /* ViewModels */ = {
			isa = PBXGroup;
			children = (
				2BBAEAA826AB9A4300AC843E /* TaskModel.swift */,
				2BBAEB7726AD85D100AC843E /* SessionModel.swift */,
				2BBAEBBA26AE2AF100AC843E /* ButtonsModel.swift */,
				2BBAEB6326AC4EA500AC843E /* ModeSwitchView.swift */,
			);
			path = ViewModels;
			sourceTree = "<group>";
		};
/* End PBXGroup section */

/* Begin PBXNativeTarget section */
		2BBAEA5426AB80C900AC843E /* TimeTracker */ = {
			isa = PBXNativeTarget;
			buildConfigurationList = 2BBAEA6426AB80CB00AC843E /* Build configuration list for PBXNativeTarget "TimeTracker" */;
			buildPhases = (
				2BBAEA5126AB80C900AC843E /* Sources */,
				2BBAEA5226AB80C900AC843E /* Frameworks */,
				2BBAEA5326AB80C900AC843E /* Resources */,
			);
			buildRules = (
			);
			dependencies = (
			);
			name = TimeTracker;
			productName = TimeTracker;
			productReference = 2BBAEA5526AB80C900AC843E /* TimeTracker.app */;
			productType = "com.apple.product-type.application";
		};
/* End PBXNativeTarget section */

/* Begin PBXProject section */
		2BBAEA4D26AB80C900AC843E /* Project object */ = {
			isa = PBXProject;
			attributes = {
				LastSwiftUpdateCheck = 1240;
				LastUpgradeCheck = 1240;
				TargetAttributes = {
					2BBAEA5426AB80C900AC843E = {
						CreatedOnToolsVersion = 12.4;
					};
				};
			};
			buildConfigurationList = 2BBAEA5026AB80C900AC843E /* Build configuration list for PBXProject "TimeTracker" */;
			compatibilityVersion = "Xcode 9.3";
			developmentRegion = en;
			hasScannedForEncodings = 0;
			knownRegions = (
				en,
				Base,
			);
			mainGroup = 2BBAEA4C26AB80C900AC843E;
			productRefGroup = 2BBAEA5626AB80C900AC843E /* Products */;
			projectDirPath = "";
			projectRoot = "";
			targets = (
				2BBAEA5426AB80C900AC843E /* TimeTracker */,
			);
		};
/* End PBXProject section */

/* Begin PBXResourcesBuildPhase section */
		2BBAEA5326AB80C900AC843E /* Resources */ = {
			isa = PBXResourcesBuildPhase;
			buildActionMask = 2147483647;
			files = (
				2BBAEA6026AB80CB00AC843E /* Preview Assets.xcassets in Resources */,
				2BBAEA5D26AB80CB00AC843E /* Assets.xcassets in Resources */,
			);
			runOnlyForDeploymentPostprocessing = 0;
		};
/* End PBXResourcesBuildPhase section */

/* Begin PBXSourcesBuildPhase section */
		2BBAEA5126AB80C900AC843E /* Sources */ = {
			isa = PBXSourcesBuildPhase;
			buildActionMask = 2147483647;
			files = (
				2BBAEBB826AE2A2400AC843E /* Buttons.swift in Sources */,
				2BBAEA5B26AB80C900AC843E /* ContentView.swift in Sources */,
				2BBAEA6A26AB810200AC843E /* Task.swift in Sources */,
				2BBAEAAD26AB9A7500AC843E /* TaskTimerView.swift in Sources */,
				2BBAEAA926AB9A4300AC843E /* TaskModel.swift in Sources */,
				2BBAEB7B26AD862E00AC843E /* Session.swift in Sources */,
				2BBAEA5926AB80C900AC843E /* TimeTrackerApp.swift in Sources */,
				2BBAEB7826AD85D100AC843E /* SessionModel.swift in Sources */,
				2BBAEB6426AC4EA500AC843E /* ModeSwitchView.swift in Sources */,
				2BBAEBBB26AE2AF100AC843E /* ButtonsModel.swift in Sources */,
			);
			runOnlyForDeploymentPostprocessing = 0;
		};
/* End PBXSourcesBuildPhase section */

/* Begin XCBuildConfiguration section */
		2BBAEA6226AB80CB00AC843E /* Debug */ = {
			isa = XCBuildConfiguration;
			buildSettings = {
				ALWAYS_SEARCH_USER_PATHS = NO;
				CLANG_ANALYZER_NONNULL = YES;
				CLANG_ANALYZER_NUMBER_OBJECT_CONVERSION = YES_AGGRESSIVE;
				CLANG_CXX_LANGUAGE_STANDARD = "gnu++14";
				CLANG_CXX_LIBRARY = "libc++";
				CLANG_ENABLE_MODULES = YES;
				CLANG_ENABLE_OBJC_ARC = YES;
				CLANG_ENABLE_OBJC_WEAK = YES;
				CLANG_WARN_BLOCK_CAPTURE_AUTORELEASING = YES;
				CLANG_WARN_BOOL_CONVERSION = YES;
				CLANG_WARN_COMMA = YES;
				CLANG_WARN_CONSTANT_CONVERSION = YES;
				CLANG_WARN_DEPRECATED_OBJC_IMPLEMENTATIONS = YES;
				CLANG_WARN_DIRECT_OBJC_ISA_USAGE = YES_ERROR;
				CLANG_WARN_DOCUMENTATION_COMMENTS = YES;
				CLANG_WARN_EMPTY_BODY = YES;
				CLANG_WARN_ENUM_CONVERSION = YES;
				CLANG_WARN_INFINITE_RECURSION = YES;
				CLANG_WARN_INT_CONVERSION = YES;
				CLANG_WARN_NON_LITERAL_NULL_CONVERSION = YES;
				CLANG_WARN_OBJC_IMPLICIT_RETAIN_SELF = YES;
				CLANG_WARN_OBJC_LITERAL_CONVERSION = YES;
				CLANG_WARN_OBJC_ROOT_CLASS = YES_ERROR;
				CLANG_WARN_QUOTED_INCLUDE_IN_FRAMEWORK_HEADER = YES;
				CLANG_WARN_RANGE_LOOP_ANALYSIS = YES;
				CLANG_WARN_STRICT_PROTOTYPES = YES;
				CLANG_WARN_SUSPICIOUS_MOVE = YES;
				CLANG_WARN_UNGUARDED_AVAILABILITY = YES_AGGRESSIVE;
				CLANG_WARN_UNREACHABLE_CODE = YES;
				CLANG_WARN__DUPLICATE_METHOD_MATCH = YES;
				COPY_PHASE_STRIP = NO;
				DEBUG_INFORMATION_FORMAT = dwarf;
				ENABLE_STRICT_OBJC_MSGSEND = YES;
				ENABLE_TESTABILITY = YES;
				GCC_C_LANGUAGE_STANDARD = gnu11;
				GCC_DYNAMIC_NO_PIC = NO;
				GCC_NO_COMMON_BLOCKS = YES;
				GCC_OPTIMIZATION_LEVEL = 0;
				GCC_PREPROCESSOR_DEFINITIONS = (
					"DEBUG=1",
					"$(inherited)",
				);
				GCC_WARN_64_TO_32_BIT_CONVERSION = YES;
				GCC_WARN_ABOUT_RETURN_TYPE = YES_ERROR;
				GCC_WARN_UNDECLARED_SELECTOR = YES;
				GCC_WARN_UNINITIALIZED_AUTOS = YES_AGGRESSIVE;
				GCC_WARN_UNUSED_FUNCTION = YES;
				GCC_WARN_UNUSED_VARIABLE = YES;
				IPHONEOS_DEPLOYMENT_TARGET = 14.4;
				MTL_ENABLE_DEBUG_INFO = INCLUDE_SOURCE;
				MTL_FAST_MATH = YES;
				ONLY_ACTIVE_ARCH = YES;
				SDKROOT = iphoneos;
				SWIFT_ACTIVE_COMPILATION_CONDITIONS = DEBUG;
				SWIFT_OPTIMIZATION_LEVEL = "-Onone";
			};
			name = Debug;
		};
		2BBAEA6326AB80CB00AC843E /* Release */ = {
			isa = XCBuildConfiguration;
			buildSettings = {
				ALWAYS_SEARCH_USER_PATHS = NO;
				CLANG_ANALYZER_NONNULL = YES;
				CLANG_ANALYZER_NUMBER_OBJECT_CONVERSION = YES_AGGRESSIVE;
				CLANG_CXX_LANGUAGE_STANDARD = "gnu++14";
				CLANG_CXX_LIBRARY = "libc++";
				CLANG_ENABLE_MODULES = YES;
				CLANG_ENABLE_OBJC_ARC = YES;
				CLANG_ENABLE_OBJC_WEAK = YES;
				CLANG_WARN_BLOCK_CAPTURE_AUTORELEASING = YES;
				CLANG_WARN_BOOL_CONVERSION = YES;
				CLANG_WARN_COMMA = YES;
				CLANG_WARN_CONSTANT_CONVERSION = YES;
				CLANG_WARN_DEPRECATED_OBJC_IMPLEMENTATIONS = YES;
				CLANG_WARN_DIRECT_OBJC_ISA_USAGE = YES_ERROR;
				CLANG_WARN_DOCUMENTATION_COMMENTS = YES;
				CLANG_WARN_EMPTY_BODY = YES;
				CLANG_WARN_ENUM_CONVERSION = YES;
				CLANG_WARN_INFINITE_RECURSION = YES;
				CLANG_WARN_INT_CONVERSION = YES;
				CLANG_WARN_NON_LITERAL_NULL_CONVERSION = YES;
				CLANG_WARN_OBJC_IMPLICIT_RETAIN_SELF = YES;
				CLANG_WARN_OBJC_LITERAL_CONVERSION = YES;
				CLANG_WARN_OBJC_ROOT_CLASS = YES_ERROR;
				CLANG_WARN_QUOTED_INCLUDE_IN_FRAMEWORK_HEADER = YES;
				CLANG_WARN_RANGE_LOOP_ANALYSIS = YES;
				CLANG_WARN_STRICT_PROTOTYPES = YES;
				CLANG_WARN_SUSPICIOUS_MOVE = YES;
				CLANG_WARN_UNGUARDED_AVAILABILITY = YES_AGGRESSIVE;
				CLANG_WARN_UNREACHABLE_CODE = YES;
				CLANG_WARN__DUPLICATE_METHOD_MATCH = YES;
				COPY_PHASE_STRIP = NO;
				DEBUG_INFORMATION_FORMAT = "dwarf-with-dsym";
				ENABLE_NS_ASSERTIONS = NO;
				ENABLE_STRICT_OBJC_MSGSEND = YES;
				GCC_C_LANGUAGE_STANDARD = gnu11;
				GCC_NO_COMMON_BLOCKS = YES;
				GCC_WARN_64_TO_32_BIT_CONVERSION = YES;
				GCC_WARN_ABOUT_RETURN_TYPE = YES_ERROR;
				GCC_WARN_UNDECLARED_SELECTOR = YES;
				GCC_WARN_UNINITIALIZED_AUTOS = YES_AGGRESSIVE;
				GCC_WARN_UNUSED_FUNCTION = YES;
				GCC_WARN_UNUSED_VARIABLE = YES;
				IPHONEOS_DEPLOYMENT_TARGET = 14.4;
				MTL_ENABLE_DEBUG_INFO = NO;
				MTL_FAST_MATH = YES;
				SDKROOT = iphoneos;
				SWIFT_COMPILATION_MODE = wholemodule;
				SWIFT_OPTIMIZATION_LEVEL = "-O";
				VALIDATE_PRODUCT = YES;
			};
			name = Release;
		};
		2BBAEA6526AB80CB00AC843E /* Debug */ = {
			isa = XCBuildConfiguration;
			buildSettings = {
				ASSETCATALOG_COMPILER_APPICON_NAME = AppIcon;
				ASSETCATALOG_COMPILER_GLOBAL_ACCENT_COLOR_NAME = AccentColor;
				CODE_SIGN_STYLE = Automatic;
				DEVELOPMENT_ASSET_PATHS = "\"TimeTracker/Preview Content\"";
				ENABLE_PREVIEWS = YES;
				INFOPLIST_FILE = TimeTracker/Info.plist;
				IPHONEOS_DEPLOYMENT_TARGET = 14.0;
				LD_RUNPATH_SEARCH_PATHS = (
					"$(inherited)",
					"@executable_path/Frameworks",
				);
				PRODUCT_BUNDLE_IDENTIFIER = "DKM-Projects.TimeTracker";
				PRODUCT_NAME = "$(TARGET_NAME)";
				SWIFT_VERSION = 5.0;
				TARGETED_DEVICE_FAMILY = "1,2";
			};
			name = Debug;
		};
		2BBAEA6626AB80CB00AC843E /* Release */ = {
			isa = XCBuildConfiguration;
			buildSettings = {
				ASSETCATALOG_COMPILER_APPICON_NAME = AppIcon;
				ASSETCATALOG_COMPILER_GLOBAL_ACCENT_COLOR_NAME = AccentColor;
				CODE_SIGN_STYLE = Automatic;
				DEVELOPMENT_ASSET_PATHS = "\"TimeTracker/Preview Content\"";
				ENABLE_PREVIEWS = YES;
				INFOPLIST_FILE = TimeTracker/Info.plist;
				IPHONEOS_DEPLOYMENT_TARGET = 14.0;
				LD_RUNPATH_SEARCH_PATHS = (
					"$(inherited)",
					"@executable_path/Frameworks",
				);
				PRODUCT_BUNDLE_IDENTIFIER = "DKM-Projects.TimeTracker";
				PRODUCT_NAME = "$(TARGET_NAME)";
				SWIFT_VERSION = 5.0;
				TARGETED_DEVICE_FAMILY = "1,2";
			};
			name = Release;
		};
/* End XCBuildConfiguration section */

/* Begin XCConfigurationList section */
		2BBAEA5026AB80C900AC843E /* Build configuration list for PBXProject "TimeTracker" */ = {
			isa = XCConfigurationList;
			buildConfigurations = (
				2BBAEA6226AB80CB00AC843E /* Debug */,
				2BBAEA6326AB80CB00AC843E /* Release */,
			);
			defaultConfigurationIsVisible = 0;
			defaultConfigurationName = Release;
		};
		2BBAEA6426AB80CB00AC843E /* Build configuration list for PBXNativeTarget "TimeTracker" */ = {
			isa = XCConfigurationList;
			buildConfigurations = (
				2BBAEA6526AB80CB00AC843E /* Debug */,
				2BBAEA6626AB80CB00AC843E /* Release */,
			);
			defaultConfigurationIsVisible = 0;
			defaultConfigurationName = Release;
		};
/* End XCConfigurationList section */
	};
	rootObject = 2BBAEA4D26AB80C900AC843E /* Project object */;
}
